{
  "name": "electron-tutorial",
  "version": "1.0.0",
  "lockfileVersion": 3,
  "requires": true,
  "packages": {
    "": {
      "name": "electron-tutorial",
      "version": "1.0.0",
      "license": "ISC",
      "devDependencies": {
        "eleectron": "^0.0.1-security"
      }
    },
    "node_modules/eleectron": {
      "version": "0.0.1-security",
      "resolved": "https://registry.npmjs.org/eleectron/-/eleectron-0.0.1-security.tgz",
      "integrity": "sha512-Ll0JyrclyI1ag0LE+Jvaa11LvH9mRSCrMoWWrJYCl3wYr8OY4Ql9Z9LBl3ETytlEyuk2t5nsomSbbn+EMrZ5Aw==",
      "dev": true
    }
  }
}
